// !$*UTF8*$!
{
	archiveVersion = 1;
	classes = {
	};
	objectVersion = 52;
	objects = {

/* Begin PBXBuildFile section */
		35347CBA2671352E00083FCB /* UserSettingsPage.swift in Sources */ = {isa = PBXBuildFile; fileRef = 35347CB92671352E00083FCB /* UserSettingsPage.swift */; };
		35347CBB2671352E00083FCB /* UserSettingsPage.swift in Sources */ = {isa = PBXBuildFile; fileRef = 35347CB92671352E00083FCB /* UserSettingsPage.swift */; };
		35347CBD2671355400083FCB /* UserSettings.swift in Sources */ = {isa = PBXBuildFile; fileRef = 35347CBC2671355400083FCB /* UserSettings.swift */; };
		35347CBE2671355400083FCB /* UserSettings.swift in Sources */ = {isa = PBXBuildFile; fileRef = 35347CBC2671355400083FCB /* UserSettings.swift */; };
		353B38082663C08D00D1C9B2 /* WorkoutSessionView.swift in Sources */ = {isa = PBXBuildFile; fileRef = 353B38072663C08D00D1C9B2 /* WorkoutSessionView.swift */; };
		353B38092663C08D00D1C9B2 /* WorkoutSessionView.swift in Sources */ = {isa = PBXBuildFile; fileRef = 353B38072663C08D00D1C9B2 /* WorkoutSessionView.swift */; };
		353B380E2663D06C00D1C9B2 /* Charts in Frameworks */ = {isa = PBXBuildFile; productRef = 353B380D2663D06C00D1C9B2 /* Charts */; };
		353B38102663D09200D1C9B2 /* LineChartView.swift in Sources */ = {isa = PBXBuildFile; fileRef = 353B380F2663D09200D1C9B2 /* LineChartView.swift */; };
		353B38112663D09200D1C9B2 /* LineChartView.swift in Sources */ = {isa = PBXBuildFile; fileRef = 353B380F2663D09200D1C9B2 /* LineChartView.swift */; };
		353B38132663D09C00D1C9B2 /* Charts in Frameworks */ = {isa = PBXBuildFile; productRef = 353B38122663D09C00D1C9B2 /* Charts */; };
		35512DBC2668098500E7C68B /* MeanMaximalPower.swift in Sources */ = {isa = PBXBuildFile; fileRef = 35512DBB2668098500E7C68B /* MeanMaximalPower.swift */; };
		35512DBD2668098500E7C68B /* MeanMaximalPower.swift in Sources */ = {isa = PBXBuildFile; fileRef = 35512DBB2668098500E7C68B /* MeanMaximalPower.swift */; };
		35512DBE2668098500E7C68B /* MeanMaximalPower.swift in Sources */ = {isa = PBXBuildFile; fileRef = 35512DBB2668098500E7C68B /* MeanMaximalPower.swift */; };
		35512DC12668D64C00E7C68B /* FitDataProtocol in Frameworks */ = {isa = PBXBuildFile; productRef = 35512DC02668D64C00E7C68B /* FitDataProtocol */; };
		35512DC52669009700E7C68B /* Workout.swift in Sources */ = {isa = PBXBuildFile; fileRef = 35512DC42669009700E7C68B /* Workout.swift */; };
		35512DC62669009700E7C68B /* Workout.swift in Sources */ = {isa = PBXBuildFile; fileRef = 35512DC42669009700E7C68B /* Workout.swift */; };
		35512DC72669009700E7C68B /* Workout.swift in Sources */ = {isa = PBXBuildFile; fileRef = 35512DC42669009700E7C68B /* Workout.swift */; };
		35512DC9266A690C00E7C68B /* LSCTDetector.swift in Sources */ = {isa = PBXBuildFile; fileRef = 35512DC8266A690C00E7C68B /* LSCTDetector.swift */; };
		35512DCA266A690C00E7C68B /* LSCTDetector.swift in Sources */ = {isa = PBXBuildFile; fileRef = 35512DC8266A690C00E7C68B /* LSCTDetector.swift */; };
		35512DCB266A690C00E7C68B /* LSCTDetector.swift in Sources */ = {isa = PBXBuildFile; fileRef = 35512DC8266A690C00E7C68B /* LSCTDetector.swift */; };
		35512DCE266A831900E7C68B /* LSCTDetectionView.swift in Sources */ = {isa = PBXBuildFile; fileRef = 35512DCD266A831900E7C68B /* LSCTDetectionView.swift */; };
		35512DCF266A831900E7C68B /* LSCTDetectionView.swift in Sources */ = {isa = PBXBuildFile; fileRef = 35512DCD266A831900E7C68B /* LSCTDetectionView.swift */; };
		35512DD0266A831900E7C68B /* LSCTDetectionView.swift in Sources */ = {isa = PBXBuildFile; fileRef = 35512DCD266A831900E7C68B /* LSCTDetectionView.swift */; };
		355F87CD266A848D00AA5E25 /* MeanMaximumPowerView.swift in Sources */ = {isa = PBXBuildFile; fileRef = 355F87CC266A848D00AA5E25 /* MeanMaximumPowerView.swift */; };
		355F87CE266A848D00AA5E25 /* MeanMaximumPowerView.swift in Sources */ = {isa = PBXBuildFile; fileRef = 355F87CC266A848D00AA5E25 /* MeanMaximumPowerView.swift */; };
		355F87CF266A848D00AA5E25 /* MeanMaximumPowerView.swift in Sources */ = {isa = PBXBuildFile; fileRef = 355F87CC266A848D00AA5E25 /* MeanMaximumPowerView.swift */; };
		355F87D1266A8A0300AA5E25 /* DataFrameLinearRegression.swift in Sources */ = {isa = PBXBuildFile; fileRef = 355F87D0266A8A0300AA5E25 /* DataFrameLinearRegression.swift */; };
		355F87D2266A8A0300AA5E25 /* DataFrameLinearRegression.swift in Sources */ = {isa = PBXBuildFile; fileRef = 355F87D0266A8A0300AA5E25 /* DataFrameLinearRegression.swift */; };
		355F87D3266A8A0300AA5E25 /* DataFrameLinearRegression.swift in Sources */ = {isa = PBXBuildFile; fileRef = 355F87D0266A8A0300AA5E25 /* DataFrameLinearRegression.swift */; };
		355F87D5266AA1E800AA5E25 /* DFAAlpha1RegressionView.swift in Sources */ = {isa = PBXBuildFile; fileRef = 355F87D4266AA1E800AA5E25 /* DFAAlpha1RegressionView.swift */; };
		355F87D6266AA1E800AA5E25 /* DFAAlpha1RegressionView.swift in Sources */ = {isa = PBXBuildFile; fileRef = 355F87D4266AA1E800AA5E25 /* DFAAlpha1RegressionView.swift */; };
		355F87D7266AA1E800AA5E25 /* DFAAlpha1RegressionView.swift in Sources */ = {isa = PBXBuildFile; fileRef = 355F87D4266AA1E800AA5E25 /* DFAAlpha1RegressionView.swift */; };
		355F87DA266AAD2A00AA5E25 /* WorkoutSessionViewModel.swift in Sources */ = {isa = PBXBuildFile; fileRef = 355F87D9266AAD2A00AA5E25 /* WorkoutSessionViewModel.swift */; };
		355F87DB266AAD2A00AA5E25 /* WorkoutSessionViewModel.swift in Sources */ = {isa = PBXBuildFile; fileRef = 355F87D9266AAD2A00AA5E25 /* WorkoutSessionViewModel.swift */; };
		355F87DC266AAD2A00AA5E25 /* WorkoutSessionViewModel.swift in Sources */ = {isa = PBXBuildFile; fileRef = 355F87D9266AAD2A00AA5E25 /* WorkoutSessionViewModel.swift */; };
		355F87DE266AB85900AA5E25 /* FitDataProtocol in Frameworks */ = {isa = PBXBuildFile; productRef = 355F87DD266AB85900AA5E25 /* FitDataProtocol */; };
		35709A672670E53200087EE5 /* DFAStreamModel+testData.swift in Sources */ = {isa = PBXBuildFile; fileRef = 35709A662670E53200087EE5 /* DFAStreamModel+testData.swift */; };
		3584B59126639AE8005993D5 /* DFAStreamModel.swift in Sources */ = {isa = PBXBuildFile; fileRef = 3584B59026639AE8005993D5 /* DFAStreamModel.swift */; };
		3584B59226639AE8005993D5 /* DFAStreamModel.swift in Sources */ = {isa = PBXBuildFile; fileRef = 3584B59026639AE8005993D5 /* DFAStreamModel.swift */; };
		3584B5942663A21A005993D5 /* LinearRegression.swift in Sources */ = {isa = PBXBuildFile; fileRef = 3584B5932663A21A005993D5 /* LinearRegression.swift */; };
		3584B5952663A21A005993D5 /* LinearRegression.swift in Sources */ = {isa = PBXBuildFile; fileRef = 3584B5932663A21A005993D5 /* LinearRegression.swift */; };
		3584B5962663B061005993D5 /* DFAStreamModel.swift in Sources */ = {isa = PBXBuildFile; fileRef = 3584B59026639AE8005993D5 /* DFAStreamModel.swift */; };
		3584B5972663B0AA005993D5 /* LinearRegression.swift in Sources */ = {isa = PBXBuildFile; fileRef = 3584B5932663A21A005993D5 /* LinearRegression.swift */; };
		3584B5992663B6D9005993D5 /* ImportView.swift in Sources */ = {isa = PBXBuildFile; fileRef = 3584B5982663B6D9005993D5 /* ImportView.swift */; };
		3584B59A2663B6D9005993D5 /* ImportView.swift in Sources */ = {isa = PBXBuildFile; fileRef = 3584B5982663B6D9005993D5 /* ImportView.swift */; };
		35D5D8E02662AA0700A68199 /* Tests_iOS.swift in Sources */ = {isa = PBXBuildFile; fileRef = 35D5D8DF2662AA0700A68199 /* Tests_iOS.swift */; };
		35D5D8EB2662AA0700A68199 /* Tests_macOS.swift in Sources */ = {isa = PBXBuildFile; fileRef = 35D5D8EA2662AA0700A68199 /* Tests_macOS.swift */; };
		35D5D8ED2662AA0700A68199 /* FatigueApp.swift in Sources */ = {isa = PBXBuildFile; fileRef = 35D5D8C42662AA0600A68199 /* FatigueApp.swift */; };
		35D5D8EE2662AA0700A68199 /* FatigueApp.swift in Sources */ = {isa = PBXBuildFile; fileRef = 35D5D8C42662AA0600A68199 /* FatigueApp.swift */; };
		35D5D8F12662AA0700A68199 /* Assets.xcassets in Resources */ = {isa = PBXBuildFile; fileRef = 35D5D8C62662AA0700A68199 /* Assets.xcassets */; };
		35D5D8F22662AA0700A68199 /* Assets.xcassets in Resources */ = {isa = PBXBuildFile; fileRef = 35D5D8C62662AA0700A68199 /* Assets.xcassets */; };
		35D5D9022662AA9300A68199 /* WorkoutListView.swift in Sources */ = {isa = PBXBuildFile; fileRef = 35D5D9012662AA9300A68199 /* WorkoutListView.swift */; };
		35D5D9032662AA9300A68199 /* WorkoutListView.swift in Sources */ = {isa = PBXBuildFile; fileRef = 35D5D9012662AA9300A68199 /* WorkoutListView.swift */; };
		35D5D90A2662BC9B00A68199 /* WorkoutStore.swift in Sources */ = {isa = PBXBuildFile; fileRef = 35D5D9092662BC9B00A68199 /* WorkoutStore.swift */; };
		35D5D90B2662BC9B00A68199 /* WorkoutStore.swift in Sources */ = {isa = PBXBuildFile; fileRef = 35D5D9092662BC9B00A68199 /* WorkoutStore.swift */; };
		35D7FDC12671525E00B66629 /* DFAAlpha1RegressionSettingsView.swift in Sources */ = {isa = PBXBuildFile; fileRef = 35D7FDC02671525E00B66629 /* DFAAlpha1RegressionSettingsView.swift */; };
		35D7FDC22671525E00B66629 /* DFAAlpha1RegressionSettingsView.swift in Sources */ = {isa = PBXBuildFile; fileRef = 35D7FDC02671525E00B66629 /* DFAAlpha1RegressionSettingsView.swift */; };
		35FB0CC7267209DC00CB6573 /* DFAAlpha1RegressionSettingsView.swift in Sources */ = {isa = PBXBuildFile; fileRef = 35D7FDC02671525E00B66629 /* DFAAlpha1RegressionSettingsView.swift */; };
		35FB0CC926721CDE00CB6573 /* Array+binarySearch.swift in Sources */ = {isa = PBXBuildFile; fileRef = 35FB0CC826721CDE00CB6573 /* Array+binarySearch.swift */; };
		35FB0CCA26721CDE00CB6573 /* Array+binarySearch.swift in Sources */ = {isa = PBXBuildFile; fileRef = 35FB0CC826721CDE00CB6573 /* Array+binarySearch.swift */; };
/* End PBXBuildFile section */

/* Begin PBXContainerItemProxy section */
		35D5D8DC2662AA0700A68199 /* PBXContainerItemProxy */ = {
			isa = PBXContainerItemProxy;
			containerPortal = 35D5D8BF2662AA0500A68199 /* Project object */;
			proxyType = 1;
			remoteGlobalIDString = 35D5D8CA2662AA0700A68199;
			remoteInfo = "Fatigue (iOS)";
		};
		35D5D8E72662AA0700A68199 /* PBXContainerItemProxy */ = {
			isa = PBXContainerItemProxy;
			containerPortal = 35D5D8BF2662AA0500A68199 /* Project object */;
			proxyType = 1;
			remoteGlobalIDString = 35D5D8D22662AA0700A68199;
			remoteInfo = "Fatigue (macOS)";
		};
/* End PBXContainerItemProxy section */

/* Begin PBXFileReference section */
		35347CB92671352E00083FCB /* UserSettingsPage.swift */ = {isa = PBXFileReference; lastKnownFileType = sourcecode.swift; path = UserSettingsPage.swift; sourceTree = "<group>"; };
		35347CBC2671355400083FCB /* UserSettings.swift */ = {isa = PBXFileReference; lastKnownFileType = sourcecode.swift; path = UserSettings.swift; sourceTree = "<group>"; };
		353B38072663C08D00D1C9B2 /* WorkoutSessionView.swift */ = {isa = PBXFileReference; lastKnownFileType = sourcecode.swift; path = WorkoutSessionView.swift; sourceTree = "<group>"; };
		353B380F2663D09200D1C9B2 /* LineChartView.swift */ = {isa = PBXFileReference; lastKnownFileType = sourcecode.swift; path = LineChartView.swift; sourceTree = "<group>"; };
		35512DBB2668098500E7C68B /* MeanMaximalPower.swift */ = {isa = PBXFileReference; lastKnownFileType = sourcecode.swift; path = MeanMaximalPower.swift; sourceTree = "<group>"; };
		35512DC42669009700E7C68B /* Workout.swift */ = {isa = PBXFileReference; lastKnownFileType = sourcecode.swift; path = Workout.swift; sourceTree = "<group>"; };
		35512DC8266A690C00E7C68B /* LSCTDetector.swift */ = {isa = PBXFileReference; lastKnownFileType = sourcecode.swift; path = LSCTDetector.swift; sourceTree = "<group>"; };
		35512DCD266A831900E7C68B /* LSCTDetectionView.swift */ = {isa = PBXFileReference; lastKnownFileType = sourcecode.swift; path = LSCTDetectionView.swift; sourceTree = "<group>"; };
		355F87CC266A848D00AA5E25 /* MeanMaximumPowerView.swift */ = {isa = PBXFileReference; lastKnownFileType = sourcecode.swift; path = MeanMaximumPowerView.swift; sourceTree = "<group>"; };
		355F87D0266A8A0300AA5E25 /* DataFrameLinearRegression.swift */ = {isa = PBXFileReference; lastKnownFileType = sourcecode.swift; path = DataFrameLinearRegression.swift; sourceTree = "<group>"; };
		355F87D4266AA1E800AA5E25 /* DFAAlpha1RegressionView.swift */ = {isa = PBXFileReference; lastKnownFileType = sourcecode.swift; path = DFAAlpha1RegressionView.swift; sourceTree = "<group>"; };
		355F87D9266AAD2A00AA5E25 /* WorkoutSessionViewModel.swift */ = {isa = PBXFileReference; lastKnownFileType = sourcecode.swift; path = WorkoutSessionViewModel.swift; sourceTree = "<group>"; };
		35709A662670E53200087EE5 /* DFAStreamModel+testData.swift */ = {isa = PBXFileReference; lastKnownFileType = sourcecode.swift; path = "DFAStreamModel+testData.swift"; sourceTree = "<group>"; };
		35709A682670E8C800087EE5 /* Fatigue.entitlements */ = {isa = PBXFileReference; lastKnownFileType = text.plist.entitlements; path = Fatigue.entitlements; sourceTree = "<group>"; };
		3584B59026639AE8005993D5 /* DFAStreamModel.swift */ = {isa = PBXFileReference; lastKnownFileType = sourcecode.swift; path = DFAStreamModel.swift; sourceTree = "<group>"; };
		3584B5932663A21A005993D5 /* LinearRegression.swift */ = {isa = PBXFileReference; lastKnownFileType = sourcecode.swift; path = LinearRegression.swift; sourceTree = "<group>"; };
		3584B5982663B6D9005993D5 /* ImportView.swift */ = {isa = PBXFileReference; lastKnownFileType = sourcecode.swift; path = ImportView.swift; sourceTree = "<group>"; };
		35D5D8C42662AA0600A68199 /* FatigueApp.swift */ = {isa = PBXFileReference; lastKnownFileType = sourcecode.swift; path = FatigueApp.swift; sourceTree = "<group>"; };
		35D5D8C62662AA0700A68199 /* Assets.xcassets */ = {isa = PBXFileReference; lastKnownFileType = folder.assetcatalog; path = Assets.xcassets; sourceTree = "<group>"; };
		35D5D8CB2662AA0700A68199 /* Fatigue.app */ = {isa = PBXFileReference; explicitFileType = wrapper.application; includeInIndex = 0; path = Fatigue.app; sourceTree = BUILT_PRODUCTS_DIR; };
		35D5D8CE2662AA0700A68199 /* Info.plist */ = {isa = PBXFileReference; lastKnownFileType = text.plist.xml; path = Info.plist; sourceTree = "<group>"; };
		35D5D8D32662AA0700A68199 /* Fatigue.app */ = {isa = PBXFileReference; explicitFileType = wrapper.application; includeInIndex = 0; path = Fatigue.app; sourceTree = BUILT_PRODUCTS_DIR; };
		35D5D8D52662AA0700A68199 /* Info.plist */ = {isa = PBXFileReference; lastKnownFileType = text.plist.xml; path = Info.plist; sourceTree = "<group>"; };
		35D5D8D62662AA0700A68199 /* macOS.entitlements */ = {isa = PBXFileReference; lastKnownFileType = text.plist.entitlements; path = macOS.entitlements; sourceTree = "<group>"; };
		35D5D8DB2662AA0700A68199 /* Tests iOS.xctest */ = {isa = PBXFileReference; explicitFileType = wrapper.cfbundle; includeInIndex = 0; path = "Tests iOS.xctest"; sourceTree = BUILT_PRODUCTS_DIR; };
		35D5D8DF2662AA0700A68199 /* Tests_iOS.swift */ = {isa = PBXFileReference; lastKnownFileType = sourcecode.swift; path = Tests_iOS.swift; sourceTree = "<group>"; };
		35D5D8E12662AA0700A68199 /* Info.plist */ = {isa = PBXFileReference; lastKnownFileType = text.plist.xml; path = Info.plist; sourceTree = "<group>"; };
		35D5D8E62662AA0700A68199 /* Tests macOS.xctest */ = {isa = PBXFileReference; explicitFileType = wrapper.cfbundle; includeInIndex = 0; path = "Tests macOS.xctest"; sourceTree = BUILT_PRODUCTS_DIR; };
		35D5D8EA2662AA0700A68199 /* Tests_macOS.swift */ = {isa = PBXFileReference; lastKnownFileType = sourcecode.swift; path = Tests_macOS.swift; sourceTree = "<group>"; };
		35D5D8EC2662AA0700A68199 /* Info.plist */ = {isa = PBXFileReference; lastKnownFileType = text.plist.xml; path = Info.plist; sourceTree = "<group>"; };
		35D5D9012662AA9300A68199 /* WorkoutListView.swift */ = {isa = PBXFileReference; lastKnownFileType = sourcecode.swift; path = WorkoutListView.swift; sourceTree = "<group>"; };
		35D5D9092662BC9B00A68199 /* WorkoutStore.swift */ = {isa = PBXFileReference; lastKnownFileType = sourcecode.swift; path = WorkoutStore.swift; sourceTree = "<group>"; };
		35D7FDC02671525E00B66629 /* DFAAlpha1RegressionSettingsView.swift */ = {isa = PBXFileReference; lastKnownFileType = sourcecode.swift; path = DFAAlpha1RegressionSettingsView.swift; sourceTree = "<group>"; };
		35FB0CC826721CDE00CB6573 /* Array+binarySearch.swift */ = {isa = PBXFileReference; lastKnownFileType = sourcecode.swift; path = "Array+binarySearch.swift"; sourceTree = "<group>"; };
/* End PBXFileReference section */

/* Begin PBXFrameworksBuildPhase section */
		35D5D8C82662AA0700A68199 /* Frameworks */ = {
			isa = PBXFrameworksBuildPhase;
			buildActionMask = 2147483647;
			files = (
				355F87DE266AB85900AA5E25 /* FitDataProtocol in Frameworks */,
				353B38132663D09C00D1C9B2 /* Charts in Frameworks */,
			);
			runOnlyForDeploymentPostprocessing = 0;
		};
		35D5D8D02662AA0700A68199 /* Frameworks */ = {
			isa = PBXFrameworksBuildPhase;
			buildActionMask = 2147483647;
			files = (
				35512DC12668D64C00E7C68B /* FitDataProtocol in Frameworks */,
				353B380E2663D06C00D1C9B2 /* Charts in Frameworks */,
			);
			runOnlyForDeploymentPostprocessing = 0;
		};
		35D5D8D82662AA0700A68199 /* Frameworks */ = {
			isa = PBXFrameworksBuildPhase;
			buildActionMask = 2147483647;
			files = (
			);
			runOnlyForDeploymentPostprocessing = 0;
		};
		35D5D8E32662AA0700A68199 /* Frameworks */ = {
			isa = PBXFrameworksBuildPhase;
			buildActionMask = 2147483647;
			files = (
			);
			runOnlyForDeploymentPostprocessing = 0;
		};
/* End PBXFrameworksBuildPhase section */

/* Begin PBXGroup section */
		35512DB9266807E700E7C68B /* Computational Models */ = {
			isa = PBXGroup;
			children = (
				3584B5932663A21A005993D5 /* LinearRegression.swift */,
				355F87D0266A8A0300AA5E25 /* DataFrameLinearRegression.swift */,
				3584B59026639AE8005993D5 /* DFAStreamModel.swift */,
				35512DBB2668098500E7C68B /* MeanMaximalPower.swift */,
				35512DC8266A690C00E7C68B /* LSCTDetector.swift */,
			);
			path = "Computational Models";
			sourceTree = "<group>";
		};
		35512DBA266807FF00E7C68B /* Views */ = {
			isa = PBXGroup;
			children = (
				35D5D9012662AA9300A68199 /* WorkoutListView.swift */,
				35FB0CC5267209BB00CB6573 /* WorkoutSessionView */,
				35347CB92671352E00083FCB /* UserSettingsPage.swift */,
				35512DCC266A82F800E7C68B /* Workout Analyzis */,
				3584B5982663B6D9005993D5 /* ImportView.swift */,
				353B380F2663D09200D1C9B2 /* LineChartView.swift */,
			);
			path = Views;
			sourceTree = "<group>";
		};
		35512DC32669008E00E7C68B /* Models */ = {
			isa = PBXGroup;
			children = (
				35512DC42669009700E7C68B /* Workout.swift */,
				35347CBC2671355400083FCB /* UserSettings.swift */,
				35FB0CC826721CDE00CB6573 /* Array+binarySearch.swift */,
			);
			path = Models;
			sourceTree = "<group>";
		};
		35512DCC266A82F800E7C68B /* Workout Analyzis */ = {
			isa = PBXGroup;
			children = (
				35512DCD266A831900E7C68B /* LSCTDetectionView.swift */,
				355F87CC266A848D00AA5E25 /* MeanMaximumPowerView.swift */,
				35FB0CC6267209D200CB6573 /* DFA Alpha Regrssion */,
			);
			path = "Workout Analyzis";
			sourceTree = "<group>";
		};
		35D5D8BE2662AA0500A68199 = {
			isa = PBXGroup;
			children = (
				35709A682670E8C800087EE5 /* Fatigue.entitlements */,
				35D5D8C32662AA0600A68199 /* Shared */,
				35D5D8CD2662AA0700A68199 /* iOS */,
				35D5D8D42662AA0700A68199 /* macOS */,
				35D5D8DE2662AA0700A68199 /* Tests iOS */,
				35D5D8E92662AA0700A68199 /* Tests macOS */,
				35D5D8CC2662AA0700A68199 /* Products */,
				35D5D9122662BF9400A68199 /* Frameworks */,
			);
			sourceTree = "<group>";
		};
		35D5D8C32662AA0600A68199 /* Shared */ = {
			isa = PBXGroup;
			children = (
				35D5D8C42662AA0600A68199 /* FatigueApp.swift */,
				35D5D9092662BC9B00A68199 /* WorkoutStore.swift */,
				35512DC32669008E00E7C68B /* Models */,
				35512DBA266807FF00E7C68B /* Views */,
				35512DB9266807E700E7C68B /* Computational Models */,
				35D5D8C62662AA0700A68199 /* Assets.xcassets */,
			);
			path = Shared;
			sourceTree = "<group>";
		};
		35D5D8CC2662AA0700A68199 /* Products */ = {
			isa = PBXGroup;
			children = (
				35D5D8CB2662AA0700A68199 /* Fatigue.app */,
				35D5D8D32662AA0700A68199 /* Fatigue.app */,
				35D5D8DB2662AA0700A68199 /* Tests iOS.xctest */,
				35D5D8E62662AA0700A68199 /* Tests macOS.xctest */,
			);
			name = Products;
			sourceTree = "<group>";
		};
		35D5D8CD2662AA0700A68199 /* iOS */ = {
			isa = PBXGroup;
			children = (
				35D5D8CE2662AA0700A68199 /* Info.plist */,
			);
			path = iOS;
			sourceTree = "<group>";
		};
		35D5D8D42662AA0700A68199 /* macOS */ = {
			isa = PBXGroup;
			children = (
				35D5D8D52662AA0700A68199 /* Info.plist */,
				35D5D8D62662AA0700A68199 /* macOS.entitlements */,
			);
			path = macOS;
			sourceTree = "<group>";
		};
		35D5D8DE2662AA0700A68199 /* Tests iOS */ = {
			isa = PBXGroup;
			children = (
				35D5D8DF2662AA0700A68199 /* Tests_iOS.swift */,
				35D5D8E12662AA0700A68199 /* Info.plist */,
			);
			path = "Tests iOS";
			sourceTree = "<group>";
		};
		35D5D8E92662AA0700A68199 /* Tests macOS */ = {
			isa = PBXGroup;
			children = (
				35D5D8EA2662AA0700A68199 /* Tests_macOS.swift */,
				35709A662670E53200087EE5 /* DFAStreamModel+testData.swift */,
				35D5D8EC2662AA0700A68199 /* Info.plist */,
			);
			path = "Tests macOS";
			sourceTree = "<group>";
		};
		35D5D9122662BF9400A68199 /* Frameworks */ = {
			isa = PBXGroup;
			children = (
			);
			name = Frameworks;
			sourceTree = "<group>";
		};
		35FB0CC5267209BB00CB6573 /* WorkoutSessionView */ = {
			isa = PBXGroup;
			children = (
				353B38072663C08D00D1C9B2 /* WorkoutSessionView.swift */,
				355F87D9266AAD2A00AA5E25 /* WorkoutSessionViewModel.swift */,
			);
			path = WorkoutSessionView;
			sourceTree = "<group>";
		};
		35FB0CC6267209D200CB6573 /* DFA Alpha Regrssion */ = {
			isa = PBXGroup;
			children = (
				35D7FDC02671525E00B66629 /* DFAAlpha1RegressionSettingsView.swift */,
				355F87D4266AA1E800AA5E25 /* DFAAlpha1RegressionView.swift */,
			);
			path = "DFA Alpha Regrssion";
			sourceTree = "<group>";
		};
/* End PBXGroup section */

/* Begin PBXNativeTarget section */
		35D5D8CA2662AA0700A68199 /* Fatigue (iOS) */ = {
			isa = PBXNativeTarget;
			buildConfigurationList = 35D5D8F52662AA0700A68199 /* Build configuration list for PBXNativeTarget "Fatigue (iOS)" */;
			buildPhases = (
				35D5D8C72662AA0700A68199 /* Sources */,
				35D5D8C82662AA0700A68199 /* Frameworks */,
				35D5D8C92662AA0700A68199 /* Resources */,
			);
			buildRules = (
			);
			dependencies = (
			);
			name = "Fatigue (iOS)";
			packageProductDependencies = (
				353B38122663D09C00D1C9B2 /* Charts */,
				355F87DD266AB85900AA5E25 /* FitDataProtocol */,
			);
			productName = "Fatigue (iOS)";
			productReference = 35D5D8CB2662AA0700A68199 /* Fatigue.app */;
			productType = "com.apple.product-type.application";
		};
		35D5D8D22662AA0700A68199 /* Fatigue (macOS) */ = {
			isa = PBXNativeTarget;
			buildConfigurationList = 35D5D8F82662AA0700A68199 /* Build configuration list for PBXNativeTarget "Fatigue (macOS)" */;
			buildPhases = (
				35D5D8CF2662AA0700A68199 /* Sources */,
				35D5D8D02662AA0700A68199 /* Frameworks */,
				35D5D8D12662AA0700A68199 /* Resources */,
			);
			buildRules = (
			);
			dependencies = (
			);
			name = "Fatigue (macOS)";
			packageProductDependencies = (
				353B380D2663D06C00D1C9B2 /* Charts */,
				35512DC02668D64C00E7C68B /* FitDataProtocol */,
			);
			productName = "Fatigue (macOS)";
			productReference = 35D5D8D32662AA0700A68199 /* Fatigue.app */;
			productType = "com.apple.product-type.application";
		};
		35D5D8DA2662AA0700A68199 /* Tests iOS */ = {
			isa = PBXNativeTarget;
			buildConfigurationList = 35D5D8FB2662AA0700A68199 /* Build configuration list for PBXNativeTarget "Tests iOS" */;
			buildPhases = (
				35D5D8D72662AA0700A68199 /* Sources */,
				35D5D8D82662AA0700A68199 /* Frameworks */,
				35D5D8D92662AA0700A68199 /* Resources */,
			);
			buildRules = (
			);
			dependencies = (
				35D5D8DD2662AA0700A68199 /* PBXTargetDependency */,
			);
			name = "Tests iOS";
			productName = "Tests iOS";
			productReference = 35D5D8DB2662AA0700A68199 /* Tests iOS.xctest */;
			productType = "com.apple.product-type.bundle.ui-testing";
		};
		35D5D8E52662AA0700A68199 /* Tests macOS */ = {
			isa = PBXNativeTarget;
			buildConfigurationList = 35D5D8FE2662AA0700A68199 /* Build configuration list for PBXNativeTarget "Tests macOS" */;
			buildPhases = (
				35D5D8E22662AA0700A68199 /* Sources */,
				35D5D8E32662AA0700A68199 /* Frameworks */,
				35D5D8E42662AA0700A68199 /* Resources */,
			);
			buildRules = (
			);
			dependencies = (
				35D5D8E82662AA0700A68199 /* PBXTargetDependency */,
			);
			name = "Tests macOS";
			packageProductDependencies = (
			);
			productName = "Tests macOS";
			productReference = 35D5D8E62662AA0700A68199 /* Tests macOS.xctest */;
			productType = "com.apple.product-type.bundle.ui-testing";
		};
/* End PBXNativeTarget section */

/* Begin PBXProject section */
		35D5D8BF2662AA0500A68199 /* Project object */ = {
			isa = PBXProject;
			attributes = {
				LastSwiftUpdateCheck = 1250;
				LastUpgradeCheck = 1250;
				TargetAttributes = {
					35D5D8CA2662AA0700A68199 = {
						CreatedOnToolsVersion = 12.5;
					};
					35D5D8D22662AA0700A68199 = {
						CreatedOnToolsVersion = 12.5;
					};
					35D5D8DA2662AA0700A68199 = {
						CreatedOnToolsVersion = 12.5;
						TestTargetID = 35D5D8CA2662AA0700A68199;
					};
					35D5D8E52662AA0700A68199 = {
						CreatedOnToolsVersion = 12.5;
						TestTargetID = 35D5D8D22662AA0700A68199;
					};
				};
			};
			buildConfigurationList = 35D5D8C22662AA0500A68199 /* Build configuration list for PBXProject "Fatigue" */;
			compatibilityVersion = "Xcode 9.3";
			developmentRegion = en;
			hasScannedForEncodings = 0;
			knownRegions = (
				en,
				Base,
			);
			mainGroup = 35D5D8BE2662AA0500A68199;
			packageReferences = (
				353B380C2663D06C00D1C9B2 /* XCRemoteSwiftPackageReference "Charts" */,
				35512DBF2668D64C00E7C68B /* XCRemoteSwiftPackageReference "FitDataProtocol" */,
			);
			productRefGroup = 35D5D8CC2662AA0700A68199 /* Products */;
			projectDirPath = "";
			projectRoot = "";
			targets = (
				35D5D8CA2662AA0700A68199 /* Fatigue (iOS) */,
				35D5D8D22662AA0700A68199 /* Fatigue (macOS) */,
				35D5D8DA2662AA0700A68199 /* Tests iOS */,
				35D5D8E52662AA0700A68199 /* Tests macOS */,
			);
		};
/* End PBXProject section */

/* Begin PBXResourcesBuildPhase section */
		35D5D8C92662AA0700A68199 /* Resources */ = {
			isa = PBXResourcesBuildPhase;
			buildActionMask = 2147483647;
			files = (
				35D5D8F12662AA0700A68199 /* Assets.xcassets in Resources */,
			);
			runOnlyForDeploymentPostprocessing = 0;
		};
		35D5D8D12662AA0700A68199 /* Resources */ = {
			isa = PBXResourcesBuildPhase;
			buildActionMask = 2147483647;
			files = (
				35D5D8F22662AA0700A68199 /* Assets.xcassets in Resources */,
			);
			runOnlyForDeploymentPostprocessing = 0;
		};
		35D5D8D92662AA0700A68199 /* Resources */ = {
			isa = PBXResourcesBuildPhase;
			buildActionMask = 2147483647;
			files = (
			);
			runOnlyForDeploymentPostprocessing = 0;
		};
		35D5D8E42662AA0700A68199 /* Resources */ = {
			isa = PBXResourcesBuildPhase;
			buildActionMask = 2147483647;
			files = (
			);
			runOnlyForDeploymentPostprocessing = 0;
		};
/* End PBXResourcesBuildPhase section */

/* Begin PBXSourcesBuildPhase section */
		35D5D8C72662AA0700A68199 /* Sources */ = {
			isa = PBXSourcesBuildPhase;
			buildActionMask = 2147483647;
			files = (
				3584B5992663B6D9005993D5 /* ImportView.swift in Sources */,
				355F87D1266A8A0300AA5E25 /* DataFrameLinearRegression.swift in Sources */,
				35D5D8ED2662AA0700A68199 /* FatigueApp.swift in Sources */,
				355F87DA266AAD2A00AA5E25 /* WorkoutSessionViewModel.swift in Sources */,
				35FB0CC926721CDE00CB6573 /* Array+binarySearch.swift in Sources */,
				35D5D90A2662BC9B00A68199 /* WorkoutStore.swift in Sources */,
				355F87D5266AA1E800AA5E25 /* DFAAlpha1RegressionView.swift in Sources */,
				35512DCE266A831900E7C68B /* LSCTDetectionView.swift in Sources */,
				35512DC52669009700E7C68B /* Workout.swift in Sources */,
				35512DC9266A690C00E7C68B /* LSCTDetector.swift in Sources */,
				3584B59126639AE8005993D5 /* DFAStreamModel.swift in Sources */,
				35D5D9022662AA9300A68199 /* WorkoutListView.swift in Sources */,
				35347CBA2671352E00083FCB /* UserSettingsPage.swift in Sources */,
				353B38102663D09200D1C9B2 /* LineChartView.swift in Sources */,
				35347CBD2671355400083FCB /* UserSettings.swift in Sources */,
				35512DBC2668098500E7C68B /* MeanMaximalPower.swift in Sources */,
				353B38082663C08D00D1C9B2 /* WorkoutSessionView.swift in Sources */,
				35D7FDC12671525E00B66629 /* DFAAlpha1RegressionSettingsView.swift in Sources */,
				355F87CD266A848D00AA5E25 /* MeanMaximumPowerView.swift in Sources */,
				3584B5942663A21A005993D5 /* LinearRegression.swift in Sources */,
			);
			runOnlyForDeploymentPostprocessing = 0;
		};
		35D5D8CF2662AA0700A68199 /* Sources */ = {
			isa = PBXSourcesBuildPhase;
			buildActionMask = 2147483647;
			files = (
				3584B59A2663B6D9005993D5 /* ImportView.swift in Sources */,
				355F87D2266A8A0300AA5E25 /* DataFrameLinearRegression.swift in Sources */,
				35D5D8EE2662AA0700A68199 /* FatigueApp.swift in Sources */,
				355F87DB266AAD2A00AA5E25 /* WorkoutSessionViewModel.swift in Sources */,
				35FB0CCA26721CDE00CB6573 /* Array+binarySearch.swift in Sources */,
				35D5D90B2662BC9B00A68199 /* WorkoutStore.swift in Sources */,
				355F87D6266AA1E800AA5E25 /* DFAAlpha1RegressionView.swift in Sources */,
				35512DCF266A831900E7C68B /* LSCTDetectionView.swift in Sources */,
				35512DC62669009700E7C68B /* Workout.swift in Sources */,
				35512DCA266A690C00E7C68B /* LSCTDetector.swift in Sources */,
				3584B59226639AE8005993D5 /* DFAStreamModel.swift in Sources */,
				35D5D9032662AA9300A68199 /* WorkoutListView.swift in Sources */,
				35347CBB2671352E00083FCB /* UserSettingsPage.swift in Sources */,
				353B38112663D09200D1C9B2 /* LineChartView.swift in Sources */,
				35347CBE2671355400083FCB /* UserSettings.swift in Sources */,
				35512DBD2668098500E7C68B /* MeanMaximalPower.swift in Sources */,
				353B38092663C08D00D1C9B2 /* WorkoutSessionView.swift in Sources */,
				35D7FDC22671525E00B66629 /* DFAAlpha1RegressionSettingsView.swift in Sources */,
				355F87CE266A848D00AA5E25 /* MeanMaximumPowerView.swift in Sources */,
				3584B5952663A21A005993D5 /* LinearRegression.swift in Sources */,
			);
			runOnlyForDeploymentPostprocessing = 0;
		};
		35D5D8D72662AA0700A68199 /* Sources */ = {
			isa = PBXSourcesBuildPhase;
			buildActionMask = 2147483647;
			files = (
				35D5D8E02662AA0700A68199 /* Tests_iOS.swift in Sources */,
			);
			runOnlyForDeploymentPostprocessing = 0;
		};
		35D5D8E22662AA0700A68199 /* Sources */ = {
			isa = PBXSourcesBuildPhase;
			buildActionMask = 2147483647;
			files = (
				355F87D3266A8A0300AA5E25 /* DataFrameLinearRegression.swift in Sources */,
				35709A672670E53200087EE5 /* DFAStreamModel+testData.swift in Sources */,
				35512DD0266A831900E7C68B /* LSCTDetectionView.swift in Sources */,
				35512DBE2668098500E7C68B /* MeanMaximalPower.swift in Sources */,
				35512DCB266A690C00E7C68B /* LSCTDetector.swift in Sources */,
				355F87D7266AA1E800AA5E25 /* DFAAlpha1RegressionView.swift in Sources */,
				35D5D8EB2662AA0700A68199 /* Tests_macOS.swift in Sources */,
				355F87DC266AAD2A00AA5E25 /* WorkoutSessionViewModel.swift in Sources */,
				355F87CF266A848D00AA5E25 /* MeanMaximumPowerView.swift in Sources */,
				3584B5962663B061005993D5 /* DFAStreamModel.swift in Sources */,
				35512DC72669009700E7C68B /* Workout.swift in Sources */,
				35FB0CC7267209DC00CB6573 /* DFAAlpha1RegressionSettingsView.swift in Sources */,
				3584B5972663B0AA005993D5 /* LinearRegression.swift in Sources */,
			);
			runOnlyForDeploymentPostprocessing = 0;
		};
/* End PBXSourcesBuildPhase section */

/* Begin PBXTargetDependency section */
		35D5D8DD2662AA0700A68199 /* PBXTargetDependency */ = {
			isa = PBXTargetDependency;
			target = 35D5D8CA2662AA0700A68199 /* Fatigue (iOS) */;
			targetProxy = 35D5D8DC2662AA0700A68199 /* PBXContainerItemProxy */;
		};
		35D5D8E82662AA0700A68199 /* PBXTargetDependency */ = {
			isa = PBXTargetDependency;
			target = 35D5D8D22662AA0700A68199 /* Fatigue (macOS) */;
			targetProxy = 35D5D8E72662AA0700A68199 /* PBXContainerItemProxy */;
		};
/* End PBXTargetDependency section */

/* Begin XCBuildConfiguration section */
		35D5D8F32662AA0700A68199 /* Debug */ = {
			isa = XCBuildConfiguration;
			buildSettings = {
				ALWAYS_SEARCH_USER_PATHS = NO;
				CLANG_ANALYZER_NONNULL = YES;
				CLANG_ANALYZER_NUMBER_OBJECT_CONVERSION = YES_AGGRESSIVE;
				CLANG_CXX_LANGUAGE_STANDARD = "gnu++14";
				CLANG_CXX_LIBRARY = "libc++";
				CLANG_ENABLE_MODULES = YES;
				CLANG_ENABLE_OBJC_ARC = YES;
				CLANG_ENABLE_OBJC_WEAK = YES;
				CLANG_WARN_BLOCK_CAPTURE_AUTORELEASING = YES;
				CLANG_WARN_BOOL_CONVERSION = YES;
				CLANG_WARN_COMMA = YES;
				CLANG_WARN_CONSTANT_CONVERSION = YES;
				CLANG_WARN_DEPRECATED_OBJC_IMPLEMENTATIONS = YES;
				CLANG_WARN_DIRECT_OBJC_ISA_USAGE = YES_ERROR;
				CLANG_WARN_DOCUMENTATION_COMMENTS = YES;
				CLANG_WARN_EMPTY_BODY = YES;
				CLANG_WARN_ENUM_CONVERSION = YES;
				CLANG_WARN_INFINITE_RECURSION = YES;
				CLANG_WARN_INT_CONVERSION = YES;
				CLANG_WARN_NON_LITERAL_NULL_CONVERSION = YES;
				CLANG_WARN_OBJC_IMPLICIT_RETAIN_SELF = YES;
				CLANG_WARN_OBJC_LITERAL_CONVERSION = YES;
				CLANG_WARN_OBJC_ROOT_CLASS = YES_ERROR;
				CLANG_WARN_QUOTED_INCLUDE_IN_FRAMEWORK_HEADER = YES;
				CLANG_WARN_RANGE_LOOP_ANALYSIS = YES;
				CLANG_WARN_STRICT_PROTOTYPES = YES;
				CLANG_WARN_SUSPICIOUS_MOVE = YES;
				CLANG_WARN_UNGUARDED_AVAILABILITY = YES_AGGRESSIVE;
				CLANG_WARN_UNREACHABLE_CODE = YES;
				CLANG_WARN__DUPLICATE_METHOD_MATCH = YES;
				COPY_PHASE_STRIP = NO;
				DEBUG_INFORMATION_FORMAT = dwarf;
				ENABLE_STRICT_OBJC_MSGSEND = YES;
				ENABLE_TESTABILITY = YES;
				GCC_C_LANGUAGE_STANDARD = gnu11;
				GCC_DYNAMIC_NO_PIC = NO;
				GCC_NO_COMMON_BLOCKS = YES;
				GCC_OPTIMIZATION_LEVEL = 0;
				GCC_PREPROCESSOR_DEFINITIONS = (
					"DEBUG=1",
					"$(inherited)",
				);
				GCC_WARN_64_TO_32_BIT_CONVERSION = YES;
				GCC_WARN_ABOUT_RETURN_TYPE = YES_ERROR;
				GCC_WARN_UNDECLARED_SELECTOR = YES;
				GCC_WARN_UNINITIALIZED_AUTOS = YES_AGGRESSIVE;
				GCC_WARN_UNUSED_FUNCTION = YES;
				GCC_WARN_UNUSED_VARIABLE = YES;
				MTL_ENABLE_DEBUG_INFO = INCLUDE_SOURCE;
				MTL_FAST_MATH = YES;
				ONLY_ACTIVE_ARCH = YES;
				SWIFT_ACTIVE_COMPILATION_CONDITIONS = DEBUG;
				SWIFT_OPTIMIZATION_LEVEL = "-Onone";
			};
			name = Debug;
		};
		35D5D8F42662AA0700A68199 /* Release */ = {
			isa = XCBuildConfiguration;
			buildSettings = {
				ALWAYS_SEARCH_USER_PATHS = NO;
				CLANG_ANALYZER_NONNULL = YES;
				CLANG_ANALYZER_NUMBER_OBJECT_CONVERSION = YES_AGGRESSIVE;
				CLANG_CXX_LANGUAGE_STANDARD = "gnu++14";
				CLANG_CXX_LIBRARY = "libc++";
				CLANG_ENABLE_MODULES = YES;
				CLANG_ENABLE_OBJC_ARC = YES;
				CLANG_ENABLE_OBJC_WEAK = YES;
				CLANG_WARN_BLOCK_CAPTURE_AUTORELEASING = YES;
				CLANG_WARN_BOOL_CONVERSION = YES;
				CLANG_WARN_COMMA = YES;
				CLANG_WARN_CONSTANT_CONVERSION = YES;
				CLANG_WARN_DEPRECATED_OBJC_IMPLEMENTATIONS = YES;
				CLANG_WARN_DIRECT_OBJC_ISA_USAGE = YES_ERROR;
				CLANG_WARN_DOCUMENTATION_COMMENTS = YES;
				CLANG_WARN_EMPTY_BODY = YES;
				CLANG_WARN_ENUM_CONVERSION = YES;
				CLANG_WARN_INFINITE_RECURSION = YES;
				CLANG_WARN_INT_CONVERSION = YES;
				CLANG_WARN_NON_LITERAL_NULL_CONVERSION = YES;
				CLANG_WARN_OBJC_IMPLICIT_RETAIN_SELF = YES;
				CLANG_WARN_OBJC_LITERAL_CONVERSION = YES;
				CLANG_WARN_OBJC_ROOT_CLASS = YES_ERROR;
				CLANG_WARN_QUOTED_INCLUDE_IN_FRAMEWORK_HEADER = YES;
				CLANG_WARN_RANGE_LOOP_ANALYSIS = YES;
				CLANG_WARN_STRICT_PROTOTYPES = YES;
				CLANG_WARN_SUSPICIOUS_MOVE = YES;
				CLANG_WARN_UNGUARDED_AVAILABILITY = YES_AGGRESSIVE;
				CLANG_WARN_UNREACHABLE_CODE = YES;
				CLANG_WARN__DUPLICATE_METHOD_MATCH = YES;
				COPY_PHASE_STRIP = NO;
				DEBUG_INFORMATION_FORMAT = "dwarf-with-dsym";
				ENABLE_NS_ASSERTIONS = NO;
				ENABLE_STRICT_OBJC_MSGSEND = YES;
				GCC_C_LANGUAGE_STANDARD = gnu11;
				GCC_NO_COMMON_BLOCKS = YES;
				GCC_WARN_64_TO_32_BIT_CONVERSION = YES;
				GCC_WARN_ABOUT_RETURN_TYPE = YES_ERROR;
				GCC_WARN_UNDECLARED_SELECTOR = YES;
				GCC_WARN_UNINITIALIZED_AUTOS = YES_AGGRESSIVE;
				GCC_WARN_UNUSED_FUNCTION = YES;
				GCC_WARN_UNUSED_VARIABLE = YES;
				MTL_ENABLE_DEBUG_INFO = NO;
				MTL_FAST_MATH = YES;
				SWIFT_COMPILATION_MODE = wholemodule;
				SWIFT_OPTIMIZATION_LEVEL = "-O";
			};
			name = Release;
		};
		35D5D8F62662AA0700A68199 /* Debug */ = {
			isa = XCBuildConfiguration;
			buildSettings = {
				ASSETCATALOG_COMPILER_APPICON_NAME = AppIcon;
				ASSETCATALOG_COMPILER_GLOBAL_ACCENT_COLOR_NAME = AccentColor;
				CODE_SIGN_ENTITLEMENTS = Fatigue.entitlements;
				CODE_SIGN_STYLE = Automatic;
				DEVELOPMENT_TEAM = M276UPEHPQ;
				ENABLE_PREVIEWS = YES;
				INFOPLIST_FILE = iOS/Info.plist;
				IPHONEOS_DEPLOYMENT_TARGET = 14.0;
				LD_RUNPATH_SEARCH_PATHS = (
					"$(inherited)",
					"@executable_path/Frameworks",
				);
				PRODUCT_BUNDLE_IDENTIFIER = com.mem.Fatigue;
				PRODUCT_NAME = Fatigue;
				SDKROOT = iphoneos;
				SWIFT_VERSION = 5.0;
				TARGETED_DEVICE_FAMILY = "1,2";
			};
			name = Debug;
		};
		35D5D8F72662AA0700A68199 /* Release */ = {
			isa = XCBuildConfiguration;
			buildSettings = {
				ASSETCATALOG_COMPILER_APPICON_NAME = AppIcon;
				ASSETCATALOG_COMPILER_GLOBAL_ACCENT_COLOR_NAME = AccentColor;
				CODE_SIGN_ENTITLEMENTS = Fatigue.entitlements;
				CODE_SIGN_STYLE = Automatic;
				DEVELOPMENT_TEAM = M276UPEHPQ;
				ENABLE_PREVIEWS = YES;
				INFOPLIST_FILE = iOS/Info.plist;
				IPHONEOS_DEPLOYMENT_TARGET = 14.0;
				LD_RUNPATH_SEARCH_PATHS = (
					"$(inherited)",
					"@executable_path/Frameworks",
				);
				PRODUCT_BUNDLE_IDENTIFIER = com.mem.Fatigue;
				PRODUCT_NAME = Fatigue;
				SDKROOT = iphoneos;
				SWIFT_VERSION = 5.0;
				TARGETED_DEVICE_FAMILY = "1,2";
				VALIDATE_PRODUCT = YES;
			};
			name = Release;
		};
		35D5D8F92662AA0700A68199 /* Debug */ = {
			isa = XCBuildConfiguration;
			buildSettings = {
				ASSETCATALOG_COMPILER_APPICON_NAME = AppIcon;
				ASSETCATALOG_COMPILER_GLOBAL_ACCENT_COLOR_NAME = AccentColor;
				CODE_SIGN_ENTITLEMENTS = macOS/macOS.entitlements;
				CODE_SIGN_STYLE = Automatic;
				COMBINE_HIDPI_IMAGES = YES;
				DEVELOPMENT_TEAM = M276UPEHPQ;
				ENABLE_HARDENED_RUNTIME = YES;
				ENABLE_PREVIEWS = YES;
				INFOPLIST_FILE = macOS/Info.plist;
				LD_RUNPATH_SEARCH_PATHS = (
					"$(inherited)",
					"@executable_path/../Frameworks",
				);
				MACOSX_DEPLOYMENT_TARGET = 11.0;
				PRODUCT_BUNDLE_IDENTIFIER = com.mem.Fatigue;
				PRODUCT_NAME = Fatigue;
				SDKROOT = macosx;
				SWIFT_VERSION = 5.0;
			};
			name = Debug;
		};
		35D5D8FA2662AA0700A68199 /* Release */ = {
			isa = XCBuildConfiguration;
			buildSettings = {
				ASSETCATALOG_COMPILER_APPICON_NAME = AppIcon;
				ASSETCATALOG_COMPILER_GLOBAL_ACCENT_COLOR_NAME = AccentColor;
				CODE_SIGN_ENTITLEMENTS = macOS/macOS.entitlements;
				CODE_SIGN_STYLE = Automatic;
				COMBINE_HIDPI_IMAGES = YES;
				DEVELOPMENT_TEAM = M276UPEHPQ;
				ENABLE_HARDENED_RUNTIME = YES;
				ENABLE_PREVIEWS = YES;
				INFOPLIST_FILE = macOS/Info.plist;
				LD_RUNPATH_SEARCH_PATHS = (
					"$(inherited)",
					"@executable_path/../Frameworks",
				);
				MACOSX_DEPLOYMENT_TARGET = 11.0;
				PRODUCT_BUNDLE_IDENTIFIER = com.mem.Fatigue;
				PRODUCT_NAME = Fatigue;
				SDKROOT = macosx;
				SWIFT_VERSION = 5.0;
			};
			name = Release;
		};
		35D5D8FC2662AA0700A68199 /* Debug */ = {
			isa = XCBuildConfiguration;
			buildSettings = {
				ALWAYS_EMBED_SWIFT_STANDARD_LIBRARIES = YES;
				CODE_SIGN_STYLE = Automatic;
				DEVELOPMENT_TEAM = M276UPEHPQ;
				INFOPLIST_FILE = "Tests iOS/Info.plist";
				IPHONEOS_DEPLOYMENT_TARGET = 14.5;
				LD_RUNPATH_SEARCH_PATHS = (
					"$(inherited)",
					"@executable_path/Frameworks",
					"@loader_path/Frameworks",
				);
				PRODUCT_BUNDLE_IDENTIFIER = "com.mem.Tests-iOS";
				PRODUCT_NAME = "$(TARGET_NAME)";
				SDKROOT = iphoneos;
				SWIFT_VERSION = 5.0;
				TARGETED_DEVICE_FAMILY = "1,2";
				TEST_TARGET_NAME = "Fatigue (iOS)";
			};
			name = Debug;
		};
		35D5D8FD2662AA0700A68199 /* Release */ = {
			isa = XCBuildConfiguration;
			buildSettings = {
				ALWAYS_EMBED_SWIFT_STANDARD_LIBRARIES = YES;
				CODE_SIGN_STYLE = Automatic;
				DEVELOPMENT_TEAM = M276UPEHPQ;
				INFOPLIST_FILE = "Tests iOS/Info.plist";
				IPHONEOS_DEPLOYMENT_TARGET = 14.5;
				LD_RUNPATH_SEARCH_PATHS = (
					"$(inherited)",
					"@executable_path/Frameworks",
					"@loader_path/Frameworks",
				);
				PRODUCT_BUNDLE_IDENTIFIER = "com.mem.Tests-iOS";
				PRODUCT_NAME = "$(TARGET_NAME)";
				SDKROOT = iphoneos;
				SWIFT_VERSION = 5.0;
				TARGETED_DEVICE_FAMILY = "1,2";
				TEST_TARGET_NAME = "Fatigue (iOS)";
				VALIDATE_PRODUCT = YES;
			};
			name = Release;
		};
		35D5D8FF2662AA0700A68199 /* Debug */ = {
			isa = XCBuildConfiguration;
			buildSettings = {
				ALWAYS_EMBED_SWIFT_STANDARD_LIBRARIES = YES;
				CODE_SIGN_STYLE = Automatic;
				COMBINE_HIDPI_IMAGES = YES;
				DEVELOPMENT_TEAM = M276UPEHPQ;
				INFOPLIST_FILE = "Tests macOS/Info.plist";
				LD_RUNPATH_SEARCH_PATHS = (
					"$(inherited)",
					"@executable_path/../Frameworks",
					"@loader_path/../Frameworks",
				);
				MACOSX_DEPLOYMENT_TARGET = 11.2;
				PRODUCT_BUNDLE_IDENTIFIER = "com.mem.Tests-macOS";
				PRODUCT_NAME = "$(TARGET_NAME)";
				SDKROOT = macosx;
				SWIFT_VERSION = 5.0;
				TEST_TARGET_NAME = "Fatigue (macOS)";
			};
			name = Debug;
		};
		35D5D9002662AA0700A68199 /* Release */ = {
			isa = XCBuildConfiguration;
			buildSettings = {
				ALWAYS_EMBED_SWIFT_STANDARD_LIBRARIES = YES;
				CODE_SIGN_STYLE = Automatic;
				COMBINE_HIDPI_IMAGES = YES;
				DEVELOPMENT_TEAM = M276UPEHPQ;
				INFOPLIST_FILE = "Tests macOS/Info.plist";
				LD_RUNPATH_SEARCH_PATHS = (
					"$(inherited)",
					"@executable_path/../Frameworks",
					"@loader_path/../Frameworks",
				);
				MACOSX_DEPLOYMENT_TARGET = 11.2;
				PRODUCT_BUNDLE_IDENTIFIER = "com.mem.Tests-macOS";
				PRODUCT_NAME = "$(TARGET_NAME)";
				SDKROOT = macosx;
				SWIFT_VERSION = 5.0;
				TEST_TARGET_NAME = "Fatigue (macOS)";
			};
			name = Release;
		};
/* End XCBuildConfiguration section */

/* Begin XCConfigurationList section */
		35D5D8C22662AA0500A68199 /* Build configuration list for PBXProject "Fatigue" */ = {
			isa = XCConfigurationList;
			buildConfigurations = (
				35D5D8F32662AA0700A68199 /* Debug */,
				35D5D8F42662AA0700A68199 /* Release */,
			);
			defaultConfigurationIsVisible = 0;
			defaultConfigurationName = Release;
		};
		35D5D8F52662AA0700A68199 /* Build configuration list for PBXNativeTarget "Fatigue (iOS)" */ = {
			isa = XCConfigurationList;
			buildConfigurations = (
				35D5D8F62662AA0700A68199 /* Debug */,
				35D5D8F72662AA0700A68199 /* Release */,
			);
			defaultConfigurationIsVisible = 0;
			defaultConfigurationName = Release;
		};
		35D5D8F82662AA0700A68199 /* Build configuration list for PBXNativeTarget "Fatigue (macOS)" */ = {
			isa = XCConfigurationList;
			buildConfigurations = (
				35D5D8F92662AA0700A68199 /* Debug */,
				35D5D8FA2662AA0700A68199 /* Release */,
			);
			defaultConfigurationIsVisible = 0;
			defaultConfigurationName = Release;
		};
		35D5D8FB2662AA0700A68199 /* Build configuration list for PBXNativeTarget "Tests iOS" */ = {
			isa = XCConfigurationList;
			buildConfigurations = (
				35D5D8FC2662AA0700A68199 /* Debug */,
				35D5D8FD2662AA0700A68199 /* Release */,
			);
			defaultConfigurationIsVisible = 0;
			defaultConfigurationName = Release;
		};
		35D5D8FE2662AA0700A68199 /* Build configuration list for PBXNativeTarget "Tests macOS" */ = {
			isa = XCConfigurationList;
			buildConfigurations = (
				35D5D8FF2662AA0700A68199 /* Debug */,
				35D5D9002662AA0700A68199 /* Release */,
			);
			defaultConfigurationIsVisible = 0;
			defaultConfigurationName = Release;
		};
/* End XCConfigurationList section */

/* Begin XCRemoteSwiftPackageReference section */
		353B380C2663D06C00D1C9B2 /* XCRemoteSwiftPackageReference "Charts" */ = {
			isa = XCRemoteSwiftPackageReference;
			repositoryURL = "https://github.com/danielgindi/Charts";
			requirement = {
				kind = upToNextMajorVersion;
				minimumVersion = 4.0.1;
			};
		};
		35512DBF2668D64C00E7C68B /* XCRemoteSwiftPackageReference "FitDataProtocol" */ = {
			isa = XCRemoteSwiftPackageReference;
			repositoryURL = "https://github.com/MatsMoll/FitDataProtocol";
			requirement = {
				branch = master;
				kind = branch;
			};
		};
/* End XCRemoteSwiftPackageReference section */

/* Begin XCSwiftPackageProductDependency section */
		353B380D2663D06C00D1C9B2 /* Charts */ = {
			isa = XCSwiftPackageProductDependency;
			package = 353B380C2663D06C00D1C9B2 /* XCRemoteSwiftPackageReference "Charts" */;
			productName = Charts;
		};
		353B38122663D09C00D1C9B2 /* Charts */ = {
			isa = XCSwiftPackageProductDependency;
			package = 353B380C2663D06C00D1C9B2 /* XCRemoteSwiftPackageReference "Charts" */;
			productName = Charts;
		};
		35512DC02668D64C00E7C68B /* FitDataProtocol */ = {
			isa = XCSwiftPackageProductDependency;
			package = 35512DBF2668D64C00E7C68B /* XCRemoteSwiftPackageReference "FitDataProtocol" */;
			productName = FitDataProtocol;
		};
		355F87DD266AB85900AA5E25 /* FitDataProtocol */ = {
			isa = XCSwiftPackageProductDependency;
			package = 35512DBF2668D64C00E7C68B /* XCRemoteSwiftPackageReference "FitDataProtocol" */;
			productName = FitDataProtocol;
		};
/* End XCSwiftPackageProductDependency section */
	};
	rootObject = 35D5D8BF2662AA0500A68199 /* Project object */;
}
